{
  "name": "projart.github.io",
  "version": "1.0.0",
  "lockfileVersion": 2,
  "requires": true,
  "packages": {
    "": {
      "name": "projart.github.io",
      "version": "1.0.0",
      "license": "ISC",
      "devDependencies": {
        "daux-api-docs-theme": "^1.0.21"
      }
    },
    "node_modules/daux-api-docs-theme": {
      "version": "1.0.21",
      "resolved": "https://registry.npmjs.org/daux-api-docs-theme/-/daux-api-docs-theme-1.0.21.tgz",
      "integrity": "sha1-m3gtRqdXITtsTOIwXdARf+ePGcs=",
      "dev": true
    }
  },
  "dependencies": {
    "daux-api-docs-theme": {
      "version": "1.0.21",
      "resolved": "https://registry.npmjs.org/daux-api-docs-theme/-/daux-api-docs-theme-1.0.21.tgz",
      "integrity": "sha1-m3gtRqdXITtsTOIwXdARf+ePGcs=",
      "dev": true
    }
  }
}
